// !$*UTF8*$!
{
	archiveVersion = 1;
	classes = {
	};
	objectVersion = 46;
	objects = {

/* Begin PBXBuildFile section */
		409D72901BD496D8009518D1 /* AppDelegate.swift in Sources */ = {isa = PBXBuildFile; fileRef = 409D728F1BD496D8009518D1 /* AppDelegate.swift */; };
		409D72951BD496D8009518D1 /* Main.storyboard in Resources */ = {isa = PBXBuildFile; fileRef = 409D72931BD496D8009518D1 /* Main.storyboard */; };
		409D72981BD496D8009518D1 /* iOSTips.xcdatamodeld in Sources */ = {isa = PBXBuildFile; fileRef = 409D72961BD496D8009518D1 /* iOSTips.xcdatamodeld */; };
		409D729A1BD496D8009518D1 /* Assets.xcassets in Resources */ = {isa = PBXBuildFile; fileRef = 409D72991BD496D8009518D1 /* Assets.xcassets */; };
		409D729D1BD496D8009518D1 /* LaunchScreen.storyboard in Resources */ = {isa = PBXBuildFile; fileRef = 409D729B1BD496D8009518D1 /* LaunchScreen.storyboard */; };
		409D72A81BD496D8009518D1 /* iOSTipsTests.swift in Sources */ = {isa = PBXBuildFile; fileRef = 409D72A71BD496D8009518D1 /* iOSTipsTests.swift */; };
		409D72B31BD496D8009518D1 /* iOSTipsUITests.swift in Sources */ = {isa = PBXBuildFile; fileRef = 409D72B21BD496D8009518D1 /* iOSTipsUITests.swift */; };
		409D72C61BD49913009518D1 /* MultiMenuViewController.swift in Sources */ = {isa = PBXBuildFile; fileRef = 409D72C51BD49913009518D1 /* MultiMenuViewController.swift */; };
		409D72C81BD499B6009518D1 /* SubMenuViewController.swift in Sources */ = {isa = PBXBuildFile; fileRef = 409D72C71BD499B6009518D1 /* SubMenuViewController.swift */; };
		409D72CA1BD4A2A2009518D1 /* HomeViewController.swift in Sources */ = {isa = PBXBuildFile; fileRef = 409D72C91BD4A2A2009518D1 /* HomeViewController.swift */; };
/* End PBXBuildFile section */

/* Begin PBXContainerItemProxy section */
		409D72A41BD496D8009518D1 /* PBXContainerItemProxy */ = {
			isa = PBXContainerItemProxy;
			containerPortal = 409D72841BD496D8009518D1 /* Project object */;
			proxyType = 1;
			remoteGlobalIDString = 409D728B1BD496D8009518D1;
			remoteInfo = iOSTips;
		};
		409D72AF1BD496D8009518D1 /* PBXContainerItemProxy */ = {
			isa = PBXContainerItemProxy;
			containerPortal = 409D72841BD496D8009518D1 /* Project object */;
			proxyType = 1;
			remoteGlobalIDString = 409D728B1BD496D8009518D1;
			remoteInfo = iOSTips;
		};
/* End PBXContainerItemProxy section */

/* Begin PBXFileReference section */
		409D728C1BD496D8009518D1 /* iOSTips.app */ = {isa = PBXFileReference; explicitFileType = wrapper.application; includeInIndex = 0; path = iOSTips.app; sourceTree = BUILT_PRODUCTS_DIR; };
		409D728F1BD496D8009518D1 /* AppDelegate.swift */ = {isa = PBXFileReference; lastKnownFileType = sourcecode.swift; path = AppDelegate.swift; sourceTree = "<group>"; };
		409D72941BD496D8009518D1 /* Base */ = {isa = PBXFileReference; lastKnownFileType = file.storyboard; name = Base; path = Base.lproj/Main.storyboard; sourceTree = "<group>"; };
		409D72971BD496D8009518D1 /* iOSTips.xcdatamodel */ = {isa = PBXFileReference; lastKnownFileType = wrapper.xcdatamodel; path = iOSTips.xcdatamodel; sourceTree = "<group>"; };
		409D72991BD496D8009518D1 /* Assets.xcassets */ = {isa = PBXFileReference; lastKnownFileType = folder.assetcatalog; path = Assets.xcassets; sourceTree = "<group>"; };
		409D729C1BD496D8009518D1 /* Base */ = {isa = PBXFileReference; lastKnownFileType = file.storyboard; name = Base; path = Base.lproj/LaunchScreen.storyboard; sourceTree = "<group>"; };
		409D729E1BD496D8009518D1 /* Info.plist */ = {isa = PBXFileReference; lastKnownFileType = text.plist.xml; path = Info.plist; sourceTree = "<group>"; };
		409D72A31BD496D8009518D1 /* iOSTipsTests.xctest */ = {isa = PBXFileReference; explicitFileType = wrapper.cfbundle; includeInIndex = 0; path = iOSTipsTests.xctest; sourceTree = BUILT_PRODUCTS_DIR; };
		409D72A71BD496D8009518D1 /* iOSTipsTests.swift */ = {isa = PBXFileReference; lastKnownFileType = sourcecode.swift; path = iOSTipsTests.swift; sourceTree = "<group>"; };
		409D72A91BD496D8009518D1 /* Info.plist */ = {isa = PBXFileReference; lastKnownFileType = text.plist.xml; path = Info.plist; sourceTree = "<group>"; };
		409D72AE1BD496D8009518D1 /* iOSTipsUITests.xctest */ = {isa = PBXFileReference; explicitFileType = wrapper.cfbundle; includeInIndex = 0; path = iOSTipsUITests.xctest; sourceTree = BUILT_PRODUCTS_DIR; };
		409D72B21BD496D8009518D1 /* iOSTipsUITests.swift */ = {isa = PBXFileReference; lastKnownFileType = sourcecode.swift; path = iOSTipsUITests.swift; sourceTree = "<group>"; };
		409D72B41BD496D8009518D1 /* Info.plist */ = {isa = PBXFileReference; lastKnownFileType = text.plist.xml; path = Info.plist; sourceTree = "<group>"; };
		409D72C51BD49913009518D1 /* MultiMenuViewController.swift */ = {isa = PBXFileReference; fileEncoding = 4; lastKnownFileType = sourcecode.swift; path = MultiMenuViewController.swift; sourceTree = "<group>"; };
		409D72C71BD499B6009518D1 /* SubMenuViewController.swift */ = {isa = PBXFileReference; fileEncoding = 4; lastKnownFileType = sourcecode.swift; path = SubMenuViewController.swift; sourceTree = "<group>"; };
		409D72C91BD4A2A2009518D1 /* HomeViewController.swift */ = {isa = PBXFileReference; fileEncoding = 4; lastKnownFileType = sourcecode.swift; path = HomeViewController.swift; sourceTree = "<group>"; };
/* End PBXFileReference section */

/* Begin PBXFrameworksBuildPhase section */
		409D72891BD496D8009518D1 /* Frameworks */ = {
			isa = PBXFrameworksBuildPhase;
			buildActionMask = 2147483647;
			files = (
			);
			runOnlyForDeploymentPostprocessing = 0;
		};
		409D72A01BD496D8009518D1 /* Frameworks */ = {
			isa = PBXFrameworksBuildPhase;
			buildActionMask = 2147483647;
			files = (
			);
			runOnlyForDeploymentPostprocessing = 0;
		};
		409D72AB1BD496D8009518D1 /* Frameworks */ = {
			isa = PBXFrameworksBuildPhase;
			buildActionMask = 2147483647;
			files = (
			);
			runOnlyForDeploymentPostprocessing = 0;
		};
/* End PBXFrameworksBuildPhase section */

/* Begin PBXGroup section */
		409D72831BD496D8009518D1 = {
			isa = PBXGroup;
			children = (
				409D728E1BD496D8009518D1 /* iOSTips */,
				409D72A61BD496D8009518D1 /* iOSTipsTests */,
				409D72B11BD496D8009518D1 /* iOSTipsUITests */,
				409D728D1BD496D8009518D1 /* Products */,
			);
			sourceTree = "<group>";
		};
		409D728D1BD496D8009518D1 /* Products */ = {
			isa = PBXGroup;
			children = (
				409D728C1BD496D8009518D1 /* iOSTips.app */,
				409D72A31BD496D8009518D1 /* iOSTipsTests.xctest */,
				409D72AE1BD496D8009518D1 /* iOSTipsUITests.xctest */,
			);
			name = Products;
			sourceTree = "<group>";
		};
		409D728E1BD496D8009518D1 /* iOSTips */ = {
			isa = PBXGroup;
			children = (
				409D72C41BD4972F009518D1 /* View */,
				409D72C31BD4971C009518D1 /* Util */,
				409D72C21BD49712009518D1 /* Category */,
				409D72C11BD4970D009518D1 /* Resource */,
				409D72C01BD49701009518D1 /* ViewController */,
				409D728F1BD496D8009518D1 /* AppDelegate.swift */,
				409D72931BD496D8009518D1 /* Main.storyboard */,
				409D72991BD496D8009518D1 /* Assets.xcassets */,
				409D729B1BD496D8009518D1 /* LaunchScreen.storyboard */,
				409D729E1BD496D8009518D1 /* Info.plist */,
				409D72961BD496D8009518D1 /* iOSTips.xcdatamodeld */,
			);
			path = iOSTips;
			sourceTree = "<group>";
		};
		409D72A61BD496D8009518D1 /* iOSTipsTests */ = {
			isa = PBXGroup;
			children = (
				409D72A71BD496D8009518D1 /* iOSTipsTests.swift */,
				409D72A91BD496D8009518D1 /* Info.plist */,
			);
			path = iOSTipsTests;
			sourceTree = "<group>";
		};
		409D72B11BD496D8009518D1 /* iOSTipsUITests */ = {
			isa = PBXGroup;
			children = (
				409D72B21BD496D8009518D1 /* iOSTipsUITests.swift */,
				409D72B41BD496D8009518D1 /* Info.plist */,
			);
			path = iOSTipsUITests;
			sourceTree = "<group>";
		};
		409D72C01BD49701009518D1 /* ViewController */ = {
			isa = PBXGroup;
			children = (
				409D72C51BD49913009518D1 /* MultiMenuViewController.swift */,
				409D72C71BD499B6009518D1 /* SubMenuViewController.swift */,
				409D72C91BD4A2A2009518D1 /* HomeViewController.swift */,
			);
			name = ViewController;
			sourceTree = "<group>";
		};
		409D72C11BD4970D009518D1 /* Resource */ = {
			isa = PBXGroup;
			children = (
			);
			name = Resource;
			sourceTree = "<group>";
		};
		409D72C21BD49712009518D1 /* Category */ = {
			isa = PBXGroup;
			children = (
			);
			name = Category;
			sourceTree = "<group>";
		};
		409D72C31BD4971C009518D1 /* Util */ = {
			isa = PBXGroup;
			children = (
			);
			name = Util;
			sourceTree = "<group>";
		};
		409D72C41BD4972F009518D1 /* View */ = {
			isa = PBXGroup;
			children = (
			);
			name = View;
			sourceTree = "<group>";
		};
/* End PBXGroup section */

/* Begin PBXNativeTarget section */
		409D728B1BD496D8009518D1 /* iOSTips */ = {
			isa = PBXNativeTarget;
			buildConfigurationList = 409D72B71BD496D8009518D1 /* Build configuration list for PBXNativeTarget "iOSTips" */;
			buildPhases = (
				409D72881BD496D8009518D1 /* Sources */,
				409D72891BD496D8009518D1 /* Frameworks */,
				409D728A1BD496D8009518D1 /* Resources */,
			);
			buildRules = (
			);
			dependencies = (
			);
			name = iOSTips;
			productName = iOSTips;
			productReference = 409D728C1BD496D8009518D1 /* iOSTips.app */;
			productType = "com.apple.product-type.application";
		};
		409D72A21BD496D8009518D1 /* iOSTipsTests */ = {
			isa = PBXNativeTarget;
			buildConfigurationList = 409D72BA1BD496D8009518D1 /* Build configuration list for PBXNativeTarget "iOSTipsTests" */;
			buildPhases = (
				409D729F1BD496D8009518D1 /* Sources */,
				409D72A01BD496D8009518D1 /* Frameworks */,
				409D72A11BD496D8009518D1 /* Resources */,
			);
			buildRules = (
			);
			dependencies = (
				409D72A51BD496D8009518D1 /* PBXTargetDependency */,
			);
			name = iOSTipsTests;
			productName = iOSTipsTests;
			productReference = 409D72A31BD496D8009518D1 /* iOSTipsTests.xctest */;
			productType = "com.apple.product-type.bundle.unit-test";
		};
		409D72AD1BD496D8009518D1 /* iOSTipsUITests */ = {
			isa = PBXNativeTarget;
			buildConfigurationList = 409D72BD1BD496D8009518D1 /* Build configuration list for PBXNativeTarget "iOSTipsUITests" */;
			buildPhases = (
				409D72AA1BD496D8009518D1 /* Sources */,
				409D72AB1BD496D8009518D1 /* Frameworks */,
				409D72AC1BD496D8009518D1 /* Resources */,
			);
			buildRules = (
			);
			dependencies = (
				409D72B01BD496D8009518D1 /* PBXTargetDependency */,
			);
			name = iOSTipsUITests;
			productName = iOSTipsUITests;
			productReference = 409D72AE1BD496D8009518D1 /* iOSTipsUITests.xctest */;
			productType = "com.apple.product-type.bundle.ui-testing";
		};
/* End PBXNativeTarget section */

/* Begin PBXProject section */
		409D72841BD496D8009518D1 /* Project object */ = {
			isa = PBXProject;
			attributes = {
				LastSwiftUpdateCheck = 0710;
				LastUpgradeCheck = 0710;
				ORGANIZATIONNAME = "臧其龙";
				TargetAttributes = {
					409D728B1BD496D8009518D1 = {
						CreatedOnToolsVersion = 7.1;
					};
					409D72A21BD496D8009518D1 = {
						CreatedOnToolsVersion = 7.1;
						TestTargetID = 409D728B1BD496D8009518D1;
					};
					409D72AD1BD496D8009518D1 = {
						CreatedOnToolsVersion = 7.1;
						TestTargetID = 409D728B1BD496D8009518D1;
					};
				};
			};
			buildConfigurationList = 409D72871BD496D8009518D1 /* Build configuration list for PBXProject "iOSTips" */;
			compatibilityVersion = "Xcode 3.2";
			developmentRegion = English;
			hasScannedForEncodings = 0;
			knownRegions = (
				en,
				Base,
			);
			mainGroup = 409D72831BD496D8009518D1;
			productRefGroup = 409D728D1BD496D8009518D1 /* Products */;
			projectDirPath = "";
			projectRoot = "";
			targets = (
				409D728B1BD496D8009518D1 /* iOSTips */,
				409D72A21BD496D8009518D1 /* iOSTipsTests */,
				409D72AD1BD496D8009518D1 /* iOSTipsUITests */,
			);
		};
/* End PBXProject section */

/* Begin PBXResourcesBuildPhase section */
		409D728A1BD496D8009518D1 /* Resources */ = {
			isa = PBXResourcesBuildPhase;
			buildActionMask = 2147483647;
			files = (
				409D729D1BD496D8009518D1 /* LaunchScreen.storyboard in Resources */,
				409D729A1BD496D8009518D1 /* Assets.xcassets in Resources */,
				409D72951BD496D8009518D1 /* Main.storyboard in Resources */,
			);
			runOnlyForDeploymentPostprocessing = 0;
		};
		409D72A11BD496D8009518D1 /* Resources */ = {
			isa = PBXResourcesBuildPhase;
			buildActionMask = 2147483647;
			files = (
			);
			runOnlyForDeploymentPostprocessing = 0;
		};
		409D72AC1BD496D8009518D1 /* Resources */ = {
			isa = PBXResourcesBuildPhase;
			buildActionMask = 2147483647;
			files = (
			);
			runOnlyForDeploymentPostprocessing = 0;
		};
/* End PBXResourcesBuildPhase section */

/* Begin PBXSourcesBuildPhase section */
		409D72881BD496D8009518D1 /* Sources */ = {
			isa = PBXSourcesBuildPhase;
			buildActionMask = 2147483647;
			files = (
				409D72CA1BD4A2A2009518D1 /* HomeViewController.swift in Sources */,
				409D72C81BD499B6009518D1 /* SubMenuViewController.swift in Sources */,
				409D72981BD496D8009518D1 /* iOSTips.xcdatamodeld in Sources */,
				409D72901BD496D8009518D1 /* AppDelegate.swift in Sources */,
				409D72C61BD49913009518D1 /* MultiMenuViewController.swift in Sources */,
			);
			runOnlyForDeploymentPostprocessing = 0;
		};
		409D729F1BD496D8009518D1 /* Sources */ = {
			isa = PBXSourcesBuildPhase;
			buildActionMask = 2147483647;
			files = (
				409D72A81BD496D8009518D1 /* iOSTipsTests.swift in Sources */,
			);
			runOnlyForDeploymentPostprocessing = 0;
		};
		409D72AA1BD496D8009518D1 /* Sources */ = {
			isa = PBXSourcesBuildPhase;
			buildActionMask = 2147483647;
			files = (
				409D72B31BD496D8009518D1 /* iOSTipsUITests.swift in Sources */,
			);
			runOnlyForDeploymentPostprocessing = 0;
		};
/* End PBXSourcesBuildPhase section */

/* Begin PBXTargetDependency section */
		409D72A51BD496D8009518D1 /* PBXTargetDependency */ = {
			isa = PBXTargetDependency;
			target = 409D728B1BD496D8009518D1 /* iOSTips */;
			targetProxy = 409D72A41BD496D8009518D1 /* PBXContainerItemProxy */;
		};
		409D72B01BD496D8009518D1 /* PBXTargetDependency */ = {
			isa = PBXTargetDependency;
			target = 409D728B1BD496D8009518D1 /* iOSTips */;
			targetProxy = 409D72AF1BD496D8009518D1 /* PBXContainerItemProxy */;
		};
/* End PBXTargetDependency section */

/* Begin PBXVariantGroup section */
		409D72931BD496D8009518D1 /* Main.storyboard */ = {
			isa = PBXVariantGroup;
			children = (
				409D72941BD496D8009518D1 /* Base */,
			);
			name = Main.storyboard;
			sourceTree = "<group>";
		};
		409D729B1BD496D8009518D1 /* LaunchScreen.storyboard */ = {
			isa = PBXVariantGroup;
			children = (
				409D729C1BD496D8009518D1 /* Base */,
			);
			name = LaunchScreen.storyboard;
			sourceTree = "<group>";
		};
/* End PBXVariantGroup section */

/* Begin XCBuildConfiguration section */
		409D72B51BD496D8009518D1 /* Debug */ = {
			isa = XCBuildConfiguration;
			buildSettings = {
				ALWAYS_SEARCH_USER_PATHS = NO;
				CLANG_CXX_LANGUAGE_STANDARD = "gnu++0x";
				CLANG_CXX_LIBRARY = "libc++";
				CLANG_ENABLE_MODULES = YES;
				CLANG_ENABLE_OBJC_ARC = YES;
				CLANG_WARN_BOOL_CONVERSION = YES;
				CLANG_WARN_CONSTANT_CONVERSION = YES;
				CLANG_WARN_DIRECT_OBJC_ISA_USAGE = YES_ERROR;
				CLANG_WARN_EMPTY_BODY = YES;
				CLANG_WARN_ENUM_CONVERSION = YES;
				CLANG_WARN_INT_CONVERSION = YES;
				CLANG_WARN_OBJC_ROOT_CLASS = YES_ERROR;
				CLANG_WARN_UNREACHABLE_CODE = YES;
				CLANG_WARN__DUPLICATE_METHOD_MATCH = YES;
				"CODE_SIGN_IDENTITY[sdk=iphoneos*]" = "iPhone Developer";
				COPY_PHASE_STRIP = NO;
				DEBUG_INFORMATION_FORMAT = dwarf;
				ENABLE_STRICT_OBJC_MSGSEND = YES;
				ENABLE_TESTABILITY = YES;
				GCC_C_LANGUAGE_STANDARD = gnu99;
				GCC_DYNAMIC_NO_PIC = NO;
				GCC_NO_COMMON_BLOCKS = YES;
				GCC_OPTIMIZATION_LEVEL = 0;
				GCC_PREPROCESSOR_DEFINITIONS = (
					"DEBUG=1",
					"$(inherited)",
				);
				GCC_WARN_64_TO_32_BIT_CONVERSION = YES;
				GCC_WARN_ABOUT_RETURN_TYPE = YES_ERROR;
				GCC_WARN_UNDECLARED_SELECTOR = YES;
				GCC_WARN_UNINITIALIZED_AUTOS = YES_AGGRESSIVE;
				GCC_WARN_UNUSED_FUNCTION = YES;
				GCC_WARN_UNUSED_VARIABLE = YES;
				IPHONEOS_DEPLOYMENT_TARGET = 9.1;
				MTL_ENABLE_DEBUG_INFO = YES;
				ONLY_ACTIVE_ARCH = YES;
				SDKROOT = iphoneos;
				SWIFT_OPTIMIZATION_LEVEL = "-Onone";
				TARGETED_DEVICE_FAMILY = "1,2";
			};
			name = Debug;
		};
		409D72B61BD496D8009518D1 /* Release */ = {
			isa = XCBuildConfiguration;
			buildSettings = {
				ALWAYS_SEARCH_USER_PATHS = NO;
				CLANG_CXX_LANGUAGE_STANDARD = "gnu++0x";
				CLANG_CXX_LIBRARY = "libc++";
				CLANG_ENABLE_MODULES = YES;
				CLANG_ENABLE_OBJC_ARC = YES;
				CLANG_WARN_BOOL_CONVERSION = YES;
				CLANG_WARN_CONSTANT_CONVERSION = YES;
				CLANG_WARN_DIRECT_OBJC_ISA_USAGE = YES_ERROR;
				CLANG_WARN_EMPTY_BODY = YES;
				CLANG_WARN_ENUM_CONVERSION = YES;
				CLANG_WARN_INT_CONVERSION = YES;
				CLANG_WARN_OBJC_ROOT_CLASS = YES_ERROR;
				CLANG_WARN_UNREACHABLE_CODE = YES;
				CLANG_WARN__DUPLICATE_METHOD_MATCH = YES;
				"CODE_SIGN_IDENTITY[sdk=iphoneos*]" = "iPhone Developer";
				COPY_PHASE_STRIP = NO;
				DEBUG_INFORMATION_FORMAT = "dwarf-with-dsym";
				ENABLE_NS_ASSERTIONS = NO;
				ENABLE_STRICT_OBJC_MSGSEND = YES;
				GCC_C_LANGUAGE_STANDARD = gnu99;
				GCC_NO_COMMON_BLOCKS = YES;
				GCC_WARN_64_TO_32_BIT_CONVERSION = YES;
				GCC_WARN_ABOUT_RETURN_TYPE = YES_ERROR;
				GCC_WARN_UNDECLARED_SELECTOR = YES;
				GCC_WARN_UNINITIALIZED_AUTOS = YES_AGGRESSIVE;
				GCC_WARN_UNUSED_FUNCTION = YES;
				GCC_WARN_UNUSED_VARIABLE = YES;
				IPHONEOS_DEPLOYMENT_TARGET = 9.1;
				MTL_ENABLE_DEBUG_INFO = NO;
				SDKROOT = iphoneos;
				TARGETED_DEVICE_FAMILY = "1,2";
				VALIDATE_PRODUCT = YES;
			};
			name = Release;
		};
		409D72B81BD496D8009518D1 /* Debug */ = {
			isa = XCBuildConfiguration;
			buildSettings = {
				ASSETCATALOG_COMPILER_APPICON_NAME = AppIcon;
				INFOPLIST_FILE = iOSTips/Info.plist;
				LD_RUNPATH_SEARCH_PATHS = "$(inherited) @executable_path/Frameworks";
				PRODUCT_BUNDLE_IDENTIFIER = com.zangqilong.iOSTips;
				PRODUCT_NAME = "$(TARGET_NAME)";
			};
			name = Debug;
		};
		409D72B91BD496D8009518D1 /* Release */ = {
			isa = XCBuildConfiguration;
			buildSettings = {
				ASSETCATALOG_COMPILER_APPICON_NAME = AppIcon;
				INFOPLIST_FILE = iOSTips/Info.plist;
				LD_RUNPATH_SEARCH_PATHS = "$(inherited) @executable_path/Frameworks";
				PRODUCT_BUNDLE_IDENTIFIER = com.zangqilong.iOSTips;
				PRODUCT_NAME = "$(TARGET_NAME)";
			};
			name = Release;
		};
		409D72BB1BD496D8009518D1 /* Debug */ = {
			isa = XCBuildConfiguration;
			buildSettings = {
				BUNDLE_LOADER = "$(TEST_HOST)";
				INFOPLIST_FILE = iOSTipsTests/Info.plist;
				LD_RUNPATH_SEARCH_PATHS = "$(inherited) @executable_path/Frameworks @loader_path/Frameworks";
				PRODUCT_BUNDLE_IDENTIFIER = com.zangqilong.iOSTipsTests;
				PRODUCT_NAME = "$(TARGET_NAME)";
				TEST_HOST = "$(BUILT_PRODUCTS_DIR)/iOSTips.app/iOSTips";
			};
			name = Debug;
		};
		409D72BC1BD496D8009518D1 /* Release */ = {
			isa = XCBuildConfiguration;
			buildSettings = {
				BUNDLE_LOADER = "$(TEST_HOST)";
				INFOPLIST_FILE = iOSTipsTests/Info.plist;
				LD_RUNPATH_SEARCH_PATHS = "$(inherited) @executable_path/Frameworks @loader_path/Frameworks";
				PRODUCT_BUNDLE_IDENTIFIER = com.zangqilong.iOSTipsTests;
				PRODUCT_NAME = "$(TARGET_NAME)";
				TEST_HOST = "$(BUILT_PRODUCTS_DIR)/iOSTips.app/iOSTips";
			};
			name = Release;
		};
		409D72BE1BD496D8009518D1 /* Debug */ = {
			isa = XCBuildConfiguration;
			buildSettings = {
				INFOPLIST_FILE = iOSTipsUITests/Info.plist;
				LD_RUNPATH_SEARCH_PATHS = "$(inherited) @executable_path/Frameworks @loader_path/Frameworks";
				PRODUCT_BUNDLE_IDENTIFIER = com.zangqilong.iOSTipsUITests;
				PRODUCT_NAME = "$(TARGET_NAME)";
				TEST_TARGET_NAME = iOSTips;
				USES_XCTRUNNER = YES;
			};
			name = Debug;
		};
		409D72BF1BD496D8009518D1 /* Release */ = {
			isa = XCBuildConfiguration;
			buildSettings = {
				INFOPLIST_FILE = iOSTipsUITests/Info.plist;
				LD_RUNPATH_SEARCH_PATHS = "$(inherited) @executable_path/Frameworks @loader_path/Frameworks";
				PRODUCT_BUNDLE_IDENTIFIER = com.zangqilong.iOSTipsUITests;
				PRODUCT_NAME = "$(TARGET_NAME)";
				TEST_TARGET_NAME = iOSTips;
				USES_XCTRUNNER = YES;
			};
			name = Release;
		};
/* End XCBuildConfiguration section */

/* Begin XCConfigurationList section */
		409D72871BD496D8009518D1 /* Build configuration list for PBXProject "iOSTips" */ = {
			isa = XCConfigurationList;
			buildConfigurations = (
				409D72B51BD496D8009518D1 /* Debug */,
				409D72B61BD496D8009518D1 /* Release */,
			);
			defaultConfigurationIsVisible = 0;
			defaultConfigurationName = Release;
		};
		409D72B71BD496D8009518D1 /* Build configuration list for PBXNativeTarget "iOSTips" */ = {
			isa = XCConfigurationList;
			buildConfigurations = (
				409D72B81BD496D8009518D1 /* Debug */,
				409D72B91BD496D8009518D1 /* Release */,
			);
			defaultConfigurationIsVisible = 0;
		};
		409D72BA1BD496D8009518D1 /* Build configuration list for PBXNativeTarget "iOSTipsTests" */ = {
			isa = XCConfigurationList;
			buildConfigurations = (
				409D72BB1BD496D8009518D1 /* Debug */,
				409D72BC1BD496D8009518D1 /* Release */,
			);
			defaultConfigurationIsVisible = 0;
		};
		409D72BD1BD496D8009518D1 /* Build configuration list for PBXNativeTarget "iOSTipsUITests" */ = {
			isa = XCConfigurationList;
			buildConfigurations = (
				409D72BE1BD496D8009518D1 /* Debug */,
				409D72BF1BD496D8009518D1 /* Release */,
			);
			defaultConfigurationIsVisible = 0;
		};
/* End XCConfigurationList section */

/* Begin XCVersionGroup section */
		409D72961BD496D8009518D1 /* iOSTips.xcdatamodeld */ = {
			isa = XCVersionGroup;
			children = (
				409D72971BD496D8009518D1 /* iOSTips.xcdatamodel */,
			);
			currentVersion = 409D72971BD496D8009518D1 /* iOSTips.xcdatamodel */;
			path = iOSTips.xcdatamodeld;
			sourceTree = "<group>";
			versionGroupType = wrapper.xcdatamodel;
		};
/* End XCVersionGroup section */
	};
	rootObject = 409D72841BD496D8009518D1 /* Project object */;
}
